
Microsoft Visual Studio Solution File, Format Version 12.00
# Visual Studio Version 16
VisualStudioVersion = 16.0.32901.82
MinimumVisualStudioVersion = 10.0.40219.1
Project("{D2ABAB84-BF74-430A-B69E-9DC6D40DDA17}") = "MultidimensionalProject1", "MultidimensionalProject1\MultidimensionalProject1.dwproj", "{A2F7E8BD-EC63-468F-80C0-89109ACC7726}"
EndProject
Global
	GlobalSection(SolutionConfigurationPlatforms) = preSolution
		Development|Default = Development|Default
	EndGlobalSection
	GlobalSection(ProjectConfigurationPlatforms) = postSolution
		{A2F7E8BD-EC63-468F-80C0-89109ACC7726}.Development|Default.ActiveCfg = Development
		{A2F7E8BD-EC63-468F-80C0-89109ACC7726}.Development|Default.Build.0 = Development
		{A2F7E8BD-EC63-468F-80C0-89109ACC7726}.Development|Default.Deploy.0 = Development
	EndGlobalSection
	GlobalSection(SolutionProperties) = preSolution
		HideSolutionNode = FALSE
	EndGlobalSection
	GlobalSection(ExtensibilityGlobals) = postSolution
		SolutionGuid = {925F5E28-B245-4898-B14C-E1D8ACF9CC1E}
	EndGlobalSection
EndGlobal
